
Microsoft Visual Studio Solution File, Format Version 12.00
# Visual Studio 15
VisualStudioVersion = 15.0.27004.2009
MinimumVisualStudioVersion = 10.0.40219.1
Project("{9A19103F-16F7-4668-BE54-9A1E7A4F7556}") = "Plugin.FileSystem.Abstractions", "Plugin.FileSystem.Abstractions\Plugin.FileSystem.Abstractions.csproj", "{18FF9418-0AE5-4BA4-A2E9-27CE09E43C91}"
EndProject
Project("{9A19103F-16F7-4668-BE54-9A1E7A4F7556}") = "Plugin.FileSystem.Common", "Plugin.FileSystem.Common\Plugin.FileSystem.Common.csproj", "{3A1B4C53-6DE8-4EB8-9F8D-DEEA8CC6C661}"
EndProject
Project("{FAE04EC0-301F-11D3-BF4B-00C04F79EFBC}") = "Plugin.FileSystem.Net46", "Plugin.FileSystem.Net46\Plugin.FileSystem.Net46.csproj", "{C02129B9-5FD5-43EA-A542-641A641AA707}"
EndProject
Project("{FAE04EC0-301F-11D3-BF4B-00C04F79EFBC}") = "Plugin.FileSystem.UWP", "Plugin.FileSystem.UWP\Plugin.FileSystem.UWP.csproj", "{A25A4B76-5DED-42FD-AA9F-C94203398A23}"
EndProject
Project("{2150E333-8FDC-42A3-9474-1A3956D46DE8}") = "Solution Items", "Solution Items", "{6F096297-5843-453D-9C14-F9A22BE9AA37}"
	ProjectSection(SolutionItems) = preProject
		Plugin.FileSystem.nuspec = Plugin.FileSystem.nuspec
		readme.md = readme.md
	EndProjectSection
EndProject
Project("{FAE04EC0-301F-11D3-BF4B-00C04F79EFBC}") = "Plugin.FileSystem.iOS", "Plugin.FileSystem.iOS\Plugin.FileSystem.iOS.csproj", "{DD747FB2-17E7-4FDE-8DB3-3AE9E2643DB5}"
EndProject
Project("{FAE04EC0-301F-11D3-BF4B-00C04F79EFBC}") = "Plugin.FileSystem.Android", "Plugin.FileSystem.Android\Plugin.FileSystem.Android.csproj", "{B3C2208E-68F5-4D09-A092-39ED478E3B8E}"
EndProject
Project("{D954291E-2A0B-460D-934E-DC6B0785DB48}") = "Plugin.FileSystem.Shared", "Plugin.FileSystem.Shared\Plugin.FileSystem.Shared.shproj", "{16F76369-4D05-484A-9B60-6DD64D08A307}"
EndProject
Project("{9A19103F-16F7-4668-BE54-9A1E7A4F7556}") = "Plugin.FileSystem.Test", "Plugin.FileSystem.Test\Plugin.FileSystem.Test.csproj", "{CD7E51AD-A9AA-45A6-BF5D-B129C5FC8C6D}"
EndProject
Project("{FAE04EC0-301F-11D3-BF4B-00C04F79EFBC}") = "Plugin.FileSystem.Net46.Test", "Plugin.FileSystem.Net46.Test\Plugin.FileSystem.Net46.Test.csproj", "{D48A26BF-B77E-45E6-BD73-454DD7AFB95F}"
EndProject
Project("{FAE04EC0-301F-11D3-BF4B-00C04F79EFBC}") = "Plugin.FileSystem.UWP.Test", "Plugin.FileSystem.UWP.Test\Plugin.FileSystem.UWP.Test.csproj", "{A5476FB7-62F8-4020-A95C-F7B11AC0AB01}"
EndProject
Project("{2150E333-8FDC-42A3-9474-1A3956D46DE8}") = "TestApps", "TestApps", "{79EC076C-3D00-4FE0-A76D-7FDCEF045477}"
EndProject
Project("{FAE04EC0-301F-11D3-BF4B-00C04F79EFBC}") = "TestApp.UWP", "TestApp.UWP\TestApp.UWP.csproj", "{4D07BB62-261F-4170-AC1D-2182F42C510B}"
EndProject
Global
	GlobalSection(SharedMSBuildProjectFiles) = preSolution
		Plugin.FileSystem.Shared\Plugin.FileSystem.Shared.projitems*{16f76369-4d05-484a-9b60-6dd64d08a307}*SharedItemsImports = 13
		Plugin.FileSystem.Shared\Plugin.FileSystem.Shared.projitems*{a25a4b76-5ded-42fd-aa9f-c94203398a23}*SharedItemsImports = 4
		Plugin.FileSystem.Shared\Plugin.FileSystem.Shared.projitems*{b3c2208e-68f5-4d09-a092-39ed478e3b8e}*SharedItemsImports = 4
		Plugin.FileSystem.Shared\Plugin.FileSystem.Shared.projitems*{c02129b9-5fd5-43ea-a542-641a641aa707}*SharedItemsImports = 4
		Plugin.FileSystem.Shared\Plugin.FileSystem.Shared.projitems*{dd747fb2-17e7-4fde-8db3-3ae9e2643db5}*SharedItemsImports = 4
	EndGlobalSection
	GlobalSection(SolutionConfigurationPlatforms) = preSolution
		Debug|Any CPU = Debug|Any CPU
		Debug|ARM = Debug|ARM
		Debug|x64 = Debug|x64
		Debug|x86 = Debug|x86
		Release|Any CPU = Release|Any CPU
		Release|ARM = Release|ARM
		Release|x64 = Release|x64
		Release|x86 = Release|x86
	EndGlobalSection
	GlobalSection(ProjectConfigurationPlatforms) = postSolution
		{18FF9418-0AE5-4BA4-A2E9-27CE09E43C91}.Debug|Any CPU.ActiveCfg = Debug|Any CPU
		{18FF9418-0AE5-4BA4-A2E9-27CE09E43C91}.Debug|Any CPU.Build.0 = Debug|Any CPU
		{18FF9418-0AE5-4BA4-A2E9-27CE09E43C91}.Debug|ARM.ActiveCfg = Debug|Any CPU
		{18FF9418-0AE5-4BA4-A2E9-27CE09E43C91}.Debug|ARM.Build.0 = Debug|Any CPU
		{18FF9418-0AE5-4BA4-A2E9-27CE09E43C91}.Debug|x64.ActiveCfg = Debug|Any CPU
		{18FF9418-0AE5-4BA4-A2E9-27CE09E43C91}.Debug|x64.Build.0 = Debug|Any CPU
		{18FF9418-0AE5-4BA4-A2E9-27CE09E43C91}.Debug|x86.ActiveCfg = Debug|Any CPU
		{18FF9418-0AE5-4BA4-A2E9-27CE09E43C91}.Debug|x86.Build.0 = Debug|Any CPU
		{18FF9418-0AE5-4BA4-A2E9-27CE09E43C91}.Release|Any CPU.ActiveCfg = Release|Any CPU
		{18FF9418-0AE5-4BA4-A2E9-27CE09E43C91}.Release|Any CPU.Build.0 = Release|Any CPU
		{18FF9418-0AE5-4BA4-A2E9-27CE09E43C91}.Release|ARM.ActiveCfg = Release|Any CPU
		{18FF9418-0AE5-4BA4-A2E9-27CE09E43C91}.Release|ARM.Build.0 = Release|Any CPU
		{18FF9418-0AE5-4BA4-A2E9-27CE09E43C91}.Release|x64.ActiveCfg = Release|Any CPU
		{18FF9418-0AE5-4BA4-A2E9-27CE09E43C91}.Release|x64.Build.0 = Release|Any CPU
		{18FF9418-0AE5-4BA4-A2E9-27CE09E43C91}.Release|x86.ActiveCfg = Release|Any CPU
		{18FF9418-0AE5-4BA4-A2E9-27CE09E43C91}.Release|x86.Build.0 = Release|Any CPU
		{3A1B4C53-6DE8-4EB8-9F8D-DEEA8CC6C661}.Debug|Any CPU.ActiveCfg = Debug|Any CPU
		{3A1B4C53-6DE8-4EB8-9F8D-DEEA8CC6C661}.Debug|Any CPU.Build.0 = Debug|Any CPU
		{3A1B4C53-6DE8-4EB8-9F8D-DEEA8CC6C661}.Debug|ARM.ActiveCfg = Debug|Any CPU
		{3A1B4C53-6DE8-4EB8-9F8D-DEEA8CC6C661}.Debug|ARM.Build.0 = Debug|Any CPU
		{3A1B4C53-6DE8-4EB8-9F8D-DEEA8CC6C661}.Debug|x64.ActiveCfg = Debug|Any CPU
		{3A1B4C53-6DE8-4EB8-9F8D-DEEA8CC6C661}.Debug|x64.Build.0 = Debug|Any CPU
		{3A1B4C53-6DE8-4EB8-9F8D-DEEA8CC6C661}.Debug|x86.ActiveCfg = Debug|Any CPU
		{3A1B4C53-6DE8-4EB8-9F8D-DEEA8CC6C661}.Debug|x86.Build.0 = Debug|Any CPU
		{3A1B4C53-6DE8-4EB8-9F8D-DEEA8CC6C661}.Release|Any CPU.ActiveCfg = Release|Any CPU
		{3A1B4C53-6DE8-4EB8-9F8D-DEEA8CC6C661}.Release|Any CPU.Build.0 = Release|Any CPU
		{3A1B4C53-6DE8-4EB8-9F8D-DEEA8CC6C661}.Release|ARM.ActiveCfg = Release|Any CPU
		{3A1B4C53-6DE8-4EB8-9F8D-DEEA8CC6C661}.Release|ARM.Build.0 = Release|Any CPU
		{3A1B4C53-6DE8-4EB8-9F8D-DEEA8CC6C661}.Release|x64.ActiveCfg = Release|Any CPU
		{3A1B4C53-6DE8-4EB8-9F8D-DEEA8CC6C661}.Release|x64.Build.0 = Release|Any CPU
		{3A1B4C53-6DE8-4EB8-9F8D-DEEA8CC6C661}.Release|x86.ActiveCfg = Release|Any CPU
		{3A1B4C53-6DE8-4EB8-9F8D-DEEA8CC6C661}.Release|x86.Build.0 = Release|Any CPU
		{C02129B9-5FD5-43EA-A542-641A641AA707}.Debug|Any CPU.ActiveCfg = Debug|Any CPU
		{C02129B9-5FD5-43EA-A542-641A641AA707}.Debug|Any CPU.Build.0 = Debug|Any CPU
		{C02129B9-5FD5-43EA-A542-641A641AA707}.Debug|ARM.ActiveCfg = Debug|Any CPU
		{C02129B9-5FD5-43EA-A542-641A641AA707}.Debug|ARM.Build.0 = Debug|Any CPU
		{C02129B9-5FD5-43EA-A542-641A641AA707}.Debug|x64.ActiveCfg = Debug|Any CPU
		{C02129B9-5FD5-43EA-A542-641A641AA707}.Debug|x64.Build.0 = Debug|Any CPU
		{C02129B9-5FD5-43EA-A542-641A641AA707}.Debug|x86.ActiveCfg = Debug|Any CPU
		{C02129B9-5FD5-43EA-A542-641A641AA707}.Debug|x86.Build.0 = Debug|Any CPU
		{C02129B9-5FD5-43EA-A542-641A641AA707}.Release|Any CPU.ActiveCfg = Release|Any CPU
		{C02129B9-5FD5-43EA-A542-641A641AA707}.Release|Any CPU.Build.0 = Release|Any CPU
		{C02129B9-5FD5-43EA-A542-641A641AA707}.Release|ARM.ActiveCfg = Release|Any CPU
		{C02129B9-5FD5-43EA-A542-641A641AA707}.Release|ARM.Build.0 = Release|Any CPU
		{C02129B9-5FD5-43EA-A542-641A641AA707}.Release|x64.ActiveCfg = Release|Any CPU
		{C02129B9-5FD5-43EA-A542-641A641AA707}.Release|x64.Build.0 = Release|Any CPU
		{C02129B9-5FD5-43EA-A542-641A641AA707}.Release|x86.ActiveCfg = Release|Any CPU
		{C02129B9-5FD5-43EA-A542-641A641AA707}.Release|x86.Build.0 = Release|Any CPU
		{A25A4B76-5DED-42FD-AA9F-C94203398A23}.Debug|Any CPU.ActiveCfg = Debug|Any CPU
		{A25A4B76-5DED-42FD-AA9F-C94203398A23}.Debug|Any CPU.Build.0 = Debug|Any CPU
		{A25A4B76-5DED-42FD-AA9F-C94203398A23}.Debug|ARM.ActiveCfg = Debug|ARM
		{A25A4B76-5DED-42FD-AA9F-C94203398A23}.Debug|ARM.Build.0 = Debug|ARM
		{A25A4B76-5DED-42FD-AA9F-C94203398A23}.Debug|x64.ActiveCfg = Debug|x64
		{A25A4B76-5DED-42FD-AA9F-C94203398A23}.Debug|x64.Build.0 = Debug|x64
		{A25A4B76-5DED-42FD-AA9F-C94203398A23}.Debug|x86.ActiveCfg = Debug|x86
		{A25A4B76-5DED-42FD-AA9F-C94203398A23}.Debug|x86.Build.0 = Debug|x86
		{A25A4B76-5DED-42FD-AA9F-C94203398A23}.Release|Any CPU.ActiveCfg = Release|Any CPU
		{A25A4B76-5DED-42FD-AA9F-C94203398A23}.Release|Any CPU.Build.0 = Release|Any CPU
		{A25A4B76-5DED-42FD-AA9F-C94203398A23}.Release|ARM.ActiveCfg = Release|ARM
		{A25A4B76-5DED-42FD-AA9F-C94203398A23}.Release|ARM.Build.0 = Release|ARM
		{A25A4B76-5DED-42FD-AA9F-C94203398A23}.Release|x64.ActiveCfg = Release|x64
		{A25A4B76-5DED-42FD-AA9F-C94203398A23}.Release|x64.Build.0 = Release|x64
		{A25A4B76-5DED-42FD-AA9F-C94203398A23}.Release|x86.ActiveCfg = Release|x86
		{A25A4B76-5DED-42FD-AA9F-C94203398A23}.Release|x86.Build.0 = Release|x86
		{DD747FB2-17E7-4FDE-8DB3-3AE9E2643DB5}.Debug|Any CPU.ActiveCfg = Debug|Any CPU
		{DD747FB2-17E7-4FDE-8DB3-3AE9E2643DB5}.Debug|Any CPU.Build.0 = Debug|Any CPU
		{DD747FB2-17E7-4FDE-8DB3-3AE9E2643DB5}.Debug|ARM.ActiveCfg = Debug|Any CPU
		{DD747FB2-17E7-4FDE-8DB3-3AE9E2643DB5}.Debug|ARM.Build.0 = Debug|Any CPU
		{DD747FB2-17E7-4FDE-8DB3-3AE9E2643DB5}.Debug|x64.ActiveCfg = Debug|Any CPU
		{DD747FB2-17E7-4FDE-8DB3-3AE9E2643DB5}.Debug|x64.Build.0 = Debug|Any CPU
		{DD747FB2-17E7-4FDE-8DB3-3AE9E2643DB5}.Debug|x86.ActiveCfg = Debug|Any CPU
		{DD747FB2-17E7-4FDE-8DB3-3AE9E2643DB5}.Debug|x86.Build.0 = Debug|Any CPU
		{DD747FB2-17E7-4FDE-8DB3-3AE9E2643DB5}.Release|Any CPU.ActiveCfg = Release|Any CPU
		{DD747FB2-17E7-4FDE-8DB3-3AE9E2643DB5}.Release|Any CPU.Build.0 = Release|Any CPU
		{DD747FB2-17E7-4FDE-8DB3-3AE9E2643DB5}.Release|ARM.ActiveCfg = Release|Any CPU
		{DD747FB2-17E7-4FDE-8DB3-3AE9E2643DB5}.Release|ARM.Build.0 = Release|Any CPU
		{DD747FB2-17E7-4FDE-8DB3-3AE9E2643DB5}.Release|x64.ActiveCfg = Release|Any CPU
		{DD747FB2-17E7-4FDE-8DB3-3AE9E2643DB5}.Release|x64.Build.0 = Release|Any CPU
		{DD747FB2-17E7-4FDE-8DB3-3AE9E2643DB5}.Release|x86.ActiveCfg = Release|Any CPU
		{DD747FB2-17E7-4FDE-8DB3-3AE9E2643DB5}.Release|x86.Build.0 = Release|Any CPU
		{B3C2208E-68F5-4D09-A092-39ED478E3B8E}.Debug|Any CPU.ActiveCfg = Debug|Any CPU
		{B3C2208E-68F5-4D09-A092-39ED478E3B8E}.Debug|Any CPU.Build.0 = Debug|Any CPU
		{B3C2208E-68F5-4D09-A092-39ED478E3B8E}.Debug|ARM.ActiveCfg = Debug|Any CPU
		{B3C2208E-68F5-4D09-A092-39ED478E3B8E}.Debug|ARM.Build.0 = Debug|Any CPU
		{B3C2208E-68F5-4D09-A092-39ED478E3B8E}.Debug|x64.ActiveCfg = Debug|Any CPU
		{B3C2208E-68F5-4D09-A092-39ED478E3B8E}.Debug|x64.Build.0 = Debug|Any CPU
		{B3C2208E-68F5-4D09-A092-39ED478E3B8E}.Debug|x86.ActiveCfg = Debug|Any CPU
		{B3C2208E-68F5-4D09-A092-39ED478E3B8E}.Debug|x86.Build.0 = Debug|Any CPU
		{B3C2208E-68F5-4D09-A092-39ED478E3B8E}.Release|Any CPU.ActiveCfg = Release|Any CPU
		{B3C2208E-68F5-4D09-A092-39ED478E3B8E}.Release|Any CPU.Build.0 = Release|Any CPU
		{B3C2208E-68F5-4D09-A092-39ED478E3B8E}.Release|ARM.ActiveCfg = Release|Any CPU
		{B3C2208E-68F5-4D09-A092-39ED478E3B8E}.Release|ARM.Build.0 = Release|Any CPU
		{B3C2208E-68F5-4D09-A092-39ED478E3B8E}.Release|x64.ActiveCfg = Release|Any CPU
		{B3C2208E-68F5-4D09-A092-39ED478E3B8E}.Release|x64.Build.0 = Release|Any CPU
		{B3C2208E-68F5-4D09-A092-39ED478E3B8E}.Release|x86.ActiveCfg = Release|Any CPU
		{B3C2208E-68F5-4D09-A092-39ED478E3B8E}.Release|x86.Build.0 = Release|Any CPU
		{CD7E51AD-A9AA-45A6-BF5D-B129C5FC8C6D}.Debug|Any CPU.ActiveCfg = Debug|Any CPU
		{CD7E51AD-A9AA-45A6-BF5D-B129C5FC8C6D}.Debug|Any CPU.Build.0 = Debug|Any CPU
		{CD7E51AD-A9AA-45A6-BF5D-B129C5FC8C6D}.Debug|ARM.ActiveCfg = Debug|Any CPU
		{CD7E51AD-A9AA-45A6-BF5D-B129C5FC8C6D}.Debug|ARM.Build.0 = Debug|Any CPU
		{CD7E51AD-A9AA-45A6-BF5D-B129C5FC8C6D}.Debug|x64.ActiveCfg = Debug|Any CPU
		{CD7E51AD-A9AA-45A6-BF5D-B129C5FC8C6D}.Debug|x64.Build.0 = Debug|Any CPU
		{CD7E51AD-A9AA-45A6-BF5D-B129C5FC8C6D}.Debug|x86.ActiveCfg = Debug|Any CPU
		{CD7E51AD-A9AA-45A6-BF5D-B129C5FC8C6D}.Debug|x86.Build.0 = Debug|Any CPU
		{CD7E51AD-A9AA-45A6-BF5D-B129C5FC8C6D}.Release|Any CPU.ActiveCfg = Release|Any CPU
		{CD7E51AD-A9AA-45A6-BF5D-B129C5FC8C6D}.Release|Any CPU.Build.0 = Release|Any CPU
		{CD7E51AD-A9AA-45A6-BF5D-B129C5FC8C6D}.Release|ARM.ActiveCfg = Release|Any CPU
		{CD7E51AD-A9AA-45A6-BF5D-B129C5FC8C6D}.Release|ARM.Build.0 = Release|Any CPU
		{CD7E51AD-A9AA-45A6-BF5D-B129C5FC8C6D}.Release|x64.ActiveCfg = Release|Any CPU
		{CD7E51AD-A9AA-45A6-BF5D-B129C5FC8C6D}.Release|x64.Build.0 = Release|Any CPU
		{CD7E51AD-A9AA-45A6-BF5D-B129C5FC8C6D}.Release|x86.ActiveCfg = Release|Any CPU
		{CD7E51AD-A9AA-45A6-BF5D-B129C5FC8C6D}.Release|x86.Build.0 = Release|Any CPU
		{D48A26BF-B77E-45E6-BD73-454DD7AFB95F}.Debug|Any CPU.ActiveCfg = Debug|Any CPU
		{D48A26BF-B77E-45E6-BD73-454DD7AFB95F}.Debug|Any CPU.Build.0 = Debug|Any CPU
		{D48A26BF-B77E-45E6-BD73-454DD7AFB95F}.Debug|ARM.ActiveCfg = Debug|Any CPU
		{D48A26BF-B77E-45E6-BD73-454DD7AFB95F}.Debug|ARM.Build.0 = Debug|Any CPU
		{D48A26BF-B77E-45E6-BD73-454DD7AFB95F}.Debug|x64.ActiveCfg = Debug|Any CPU
		{D48A26BF-B77E-45E6-BD73-454DD7AFB95F}.Debug|x64.Build.0 = Debug|Any CPU
		{D48A26BF-B77E-45E6-BD73-454DD7AFB95F}.Debug|x86.ActiveCfg = Debug|Any CPU
		{D48A26BF-B77E-45E6-BD73-454DD7AFB95F}.Debug|x86.Build.0 = Debug|Any CPU
		{D48A26BF-B77E-45E6-BD73-454DD7AFB95F}.Release|Any CPU.ActiveCfg = Release|Any CPU
		{D48A26BF-B77E-45E6-BD73-454DD7AFB95F}.Release|Any CPU.Build.0 = Release|Any CPU
		{D48A26BF-B77E-45E6-BD73-454DD7AFB95F}.Release|ARM.ActiveCfg = Release|Any CPU
		{D48A26BF-B77E-45E6-BD73-454DD7AFB95F}.Release|ARM.Build.0 = Release|Any CPU
		{D48A26BF-B77E-45E6-BD73-454DD7AFB95F}.Release|x64.ActiveCfg = Release|Any CPU
		{D48A26BF-B77E-45E6-BD73-454DD7AFB95F}.Release|x64.Build.0 = Release|Any CPU
		{D48A26BF-B77E-45E6-BD73-454DD7AFB95F}.Release|x86.ActiveCfg = Release|Any CPU
		{D48A26BF-B77E-45E6-BD73-454DD7AFB95F}.Release|x86.Build.0 = Release|Any CPU
		{A5476FB7-62F8-4020-A95C-F7B11AC0AB01}.Debug|Any CPU.ActiveCfg = Debug|x86
		{A5476FB7-62F8-4020-A95C-F7B11AC0AB01}.Debug|ARM.ActiveCfg = Debug|ARM
		{A5476FB7-62F8-4020-A95C-F7B11AC0AB01}.Debug|ARM.Build.0 = Debug|ARM
		{A5476FB7-62F8-4020-A95C-F7B11AC0AB01}.Debug|ARM.Deploy.0 = Debug|ARM
		{A5476FB7-62F8-4020-A95C-F7B11AC0AB01}.Debug|x64.ActiveCfg = Debug|x64
		{A5476FB7-62F8-4020-A95C-F7B11AC0AB01}.Debug|x64.Build.0 = Debug|x64
		{A5476FB7-62F8-4020-A95C-F7B11AC0AB01}.Debug|x64.Deploy.0 = Debug|x64
		{A5476FB7-62F8-4020-A95C-F7B11AC0AB01}.Debug|x86.ActiveCfg = Debug|x86
		{A5476FB7-62F8-4020-A95C-F7B11AC0AB01}.Debug|x86.Build.0 = Debug|x86
		{A5476FB7-62F8-4020-A95C-F7B11AC0AB01}.Debug|x86.Deploy.0 = Debug|x86
		{A5476FB7-62F8-4020-A95C-F7B11AC0AB01}.Release|Any CPU.ActiveCfg = Release|x86
		{A5476FB7-62F8-4020-A95C-F7B11AC0AB01}.Release|ARM.ActiveCfg = Release|ARM
		{A5476FB7-62F8-4020-A95C-F7B11AC0AB01}.Release|ARM.Build.0 = Release|ARM
		{A5476FB7-62F8-4020-A95C-F7B11AC0AB01}.Release|ARM.Deploy.0 = Release|ARM
		{A5476FB7-62F8-4020-A95C-F7B11AC0AB01}.Release|x64.ActiveCfg = Release|x64
		{A5476FB7-62F8-4020-A95C-F7B11AC0AB01}.Release|x64.Build.0 = Release|x64
		{A5476FB7-62F8-4020-A95C-F7B11AC0AB01}.Release|x64.Deploy.0 = Release|x64
		{A5476FB7-62F8-4020-A95C-F7B11AC0AB01}.Release|x86.ActiveCfg = Release|x86
		{A5476FB7-62F8-4020-A95C-F7B11AC0AB01}.Release|x86.Build.0 = Release|x86
		{A5476FB7-62F8-4020-A95C-F7B11AC0AB01}.Release|x86.Deploy.0 = Release|x86
		{4D07BB62-261F-4170-AC1D-2182F42C510B}.Debug|Any CPU.ActiveCfg = Debug|x86
		{4D07BB62-261F-4170-AC1D-2182F42C510B}.Debug|ARM.ActiveCfg = Debug|ARM
		{4D07BB62-261F-4170-AC1D-2182F42C510B}.Debug|ARM.Build.0 = Debug|ARM
		{4D07BB62-261F-4170-AC1D-2182F42C510B}.Debug|ARM.Deploy.0 = Debug|ARM
		{4D07BB62-261F-4170-AC1D-2182F42C510B}.Debug|x64.ActiveCfg = Debug|x64
		{4D07BB62-261F-4170-AC1D-2182F42C510B}.Debug|x64.Build.0 = Debug|x64
		{4D07BB62-261F-4170-AC1D-2182F42C510B}.Debug|x64.Deploy.0 = Debug|x64
		{4D07BB62-261F-4170-AC1D-2182F42C510B}.Debug|x86.ActiveCfg = Debug|x86
		{4D07BB62-261F-4170-AC1D-2182F42C510B}.Debug|x86.Build.0 = Debug|x86
		{4D07BB62-261F-4170-AC1D-2182F42C510B}.Debug|x86.Deploy.0 = Debug|x86
		{4D07BB62-261F-4170-AC1D-2182F42C510B}.Release|Any CPU.ActiveCfg = Release|x86
		{4D07BB62-261F-4170-AC1D-2182F42C510B}.Release|ARM.ActiveCfg = Release|ARM
		{4D07BB62-261F-4170-AC1D-2182F42C510B}.Release|ARM.Build.0 = Release|ARM
		{4D07BB62-261F-4170-AC1D-2182F42C510B}.Release|ARM.Deploy.0 = Release|ARM
		{4D07BB62-261F-4170-AC1D-2182F42C510B}.Release|x64.ActiveCfg = Release|x64
		{4D07BB62-261F-4170-AC1D-2182F42C510B}.Release|x64.Build.0 = Release|x64
		{4D07BB62-261F-4170-AC1D-2182F42C510B}.Release|x64.Deploy.0 = Release|x64
		{4D07BB62-261F-4170-AC1D-2182F42C510B}.Release|x86.ActiveCfg = Release|x86
		{4D07BB62-261F-4170-AC1D-2182F42C510B}.Release|x86.Build.0 = Release|x86
		{4D07BB62-261F-4170-AC1D-2182F42C510B}.Release|x86.Deploy.0 = Release|x86
	EndGlobalSection
	GlobalSection(SolutionProperties) = preSolution
		HideSolutionNode = FALSE
	EndGlobalSection
	GlobalSection(NestedProjects) = preSolution
		{4D07BB62-261F-4170-AC1D-2182F42C510B} = {79EC076C-3D00-4FE0-A76D-7FDCEF045477}
	EndGlobalSection
	GlobalSection(ExtensibilityGlobals) = postSolution
		SolutionGuid = {D44A510C-3EBB-41A1-8978-02C9043F024E}
	EndGlobalSection
EndGlobal
